
Microsoft Visual Studio Solution File, Format Version 12.00
# Visual Studio Version 17
VisualStudioVersion = 17.0.31919.166
MinimumVisualStudioVersion = 10.0.40219.1
Project("{FAE04EC0-301F-11D3-BF4B-00C04F79EFBC}") = "Library.API", "Library.API\Library.API.csproj", "{981AFB52-5D9D-44F3-A1D9-70A61E09526F}"
EndProject
Global
	GlobalSection(SolutionConfigurationPlatforms) = preSolution
		Debug|Any CPU = Debug|Any CPU
		Release|Any CPU = Release|Any CPU
	EndGlobalSection
	GlobalSection(ProjectConfigurationPlatforms) = postSolution
		{981AFB52-5D9D-44F3-A1D9-70A61E09526F}.Debug|Any CPU.ActiveCfg = Debug|Any CPU
		{981AFB52-5D9D-44F3-A1D9-70A61E09526F}.Debug|Any CPU.Build.0 = Debug|Any CPU
		{981AFB52-5D9D-44F3-A1D9-70A61E09526F}.Release|Any CPU.ActiveCfg = Release|Any CPU
		{981AFB52-5D9D-44F3-A1D9-70A61E09526F}.Release|Any CPU.Build.0 = Release|Any CPU
	EndGlobalSection
	GlobalSection(SolutionProperties) = preSolution
		HideSolutionNode = FALSE
	EndGlobalSection
	GlobalSection(ExtensibilityGlobals) = postSolution
		SolutionGuid = {8BE4CD99-BAD3-48B4-B950-901EE4C81D70}
	EndGlobalSection
EndGlobal
